# This file is autogenerated, do not edit; changes may be undone by the next 'dep ensure'.


[[projects]]
  branch = "master"
  name = "github.com/mrjones/oauth"
  packages = ["."]
  revision = "f4e24b6d100c9436cbfe5d439581653d455490e7"

[solve-meta]
  analyzer-name = "dep"
  analyzer-version = 1
  inputs-digest = "2e3858d0d1f3d49f58c5082dadb66283f8fb37993943a4859b38d5455fd004dd"
  solver-name = "gps-cdcl"
  solver-version = 1
